// !$*UTF8*$!
{
	archiveVersion = 1;
	classes = {
	};
	objectVersion = 50;
	objects = {

/* Begin PBXBuildFile section */
		813947B123229FEB00102AD1 /* AppDelegate.swift in Sources */ = {isa = PBXBuildFile; fileRef = 813947B023229FEB00102AD1 /* AppDelegate.swift */; };
		813947B323229FEB00102AD1 /* ViewController.swift in Sources */ = {isa = PBXBuildFile; fileRef = 813947B223229FEB00102AD1 /* ViewController.swift */; };
		813947B623229FEB00102AD1 /* Main.storyboard in Resources */ = {isa = PBXBuildFile; fileRef = 813947B423229FEB00102AD1 /* Main.storyboard */; };
		813947B823229FEF00102AD1 /* Assets.xcassets in Resources */ = {isa = PBXBuildFile; fileRef = 813947B723229FEF00102AD1 /* Assets.xcassets */; };
		813947BB23229FEF00102AD1 /* LaunchScreen.storyboard in Resources */ = {isa = PBXBuildFile; fileRef = 813947B923229FEF00102AD1 /* LaunchScreen.storyboard */; };
		813947C623229FEF00102AD1 /* ConcertDatesTests.swift in Sources */ = {isa = PBXBuildFile; fileRef = 813947C523229FEF00102AD1 /* ConcertDatesTests.swift */; };
		813947D12322A02200102AD1 /* Concert.swift in Sources */ = {isa = PBXBuildFile; fileRef = 813947D02322A02200102AD1 /* Concert.swift */; };
		813947D32322A12900102AD1 /* NetworkManager.swift in Sources */ = {isa = PBXBuildFile; fileRef = 813947D22322A12900102AD1 /* NetworkManager.swift */; };
		813947D52322A15200102AD1 /* AppError.swift in Sources */ = {isa = PBXBuildFile; fileRef = 813947D42322A15200102AD1 /* AppError.swift */; };
		813947D72322A1A200102AD1 /* ConcertAPIHelper.swift in Sources */ = {isa = PBXBuildFile; fileRef = 813947D62322A1A200102AD1 /* ConcertAPIHelper.swift */; };
/* End PBXBuildFile section */

/* Begin PBXContainerItemProxy section */
		813947C223229FEF00102AD1 /* PBXContainerItemProxy */ = {
			isa = PBXContainerItemProxy;
			containerPortal = 813947A523229FEB00102AD1 /* Project object */;
			proxyType = 1;
			remoteGlobalIDString = 813947AC23229FEB00102AD1;
			remoteInfo = ConcertDates;
		};
/* End PBXContainerItemProxy section */

/* Begin PBXFileReference section */
		813947AD23229FEB00102AD1 /* ConcertDates.app */ = {isa = PBXFileReference; explicitFileType = wrapper.application; includeInIndex = 0; path = ConcertDates.app; sourceTree = BUILT_PRODUCTS_DIR; };
		813947B023229FEB00102AD1 /* AppDelegate.swift */ = {isa = PBXFileReference; lastKnownFileType = sourcecode.swift; path = AppDelegate.swift; sourceTree = "<group>"; };
		813947B223229FEB00102AD1 /* ViewController.swift */ = {isa = PBXFileReference; lastKnownFileType = sourcecode.swift; path = ViewController.swift; sourceTree = "<group>"; };
		813947B523229FEB00102AD1 /* Base */ = {isa = PBXFileReference; lastKnownFileType = file.storyboard; name = Base; path = Base.lproj/Main.storyboard; sourceTree = "<group>"; };
		813947B723229FEF00102AD1 /* Assets.xcassets */ = {isa = PBXFileReference; lastKnownFileType = folder.assetcatalog; path = Assets.xcassets; sourceTree = "<group>"; };
		813947BA23229FEF00102AD1 /* Base */ = {isa = PBXFileReference; lastKnownFileType = file.storyboard; name = Base; path = Base.lproj/LaunchScreen.storyboard; sourceTree = "<group>"; };
		813947BC23229FEF00102AD1 /* Info.plist */ = {isa = PBXFileReference; lastKnownFileType = text.plist.xml; path = Info.plist; sourceTree = "<group>"; };
		813947C123229FEF00102AD1 /* ConcertDatesTests.xctest */ = {isa = PBXFileReference; explicitFileType = wrapper.cfbundle; includeInIndex = 0; path = ConcertDatesTests.xctest; sourceTree = BUILT_PRODUCTS_DIR; };
		813947C523229FEF00102AD1 /* ConcertDatesTests.swift */ = {isa = PBXFileReference; lastKnownFileType = sourcecode.swift; path = ConcertDatesTests.swift; sourceTree = "<group>"; };
		813947C723229FEF00102AD1 /* Info.plist */ = {isa = PBXFileReference; lastKnownFileType = text.plist.xml; path = Info.plist; sourceTree = "<group>"; };
		813947D02322A02200102AD1 /* Concert.swift */ = {isa = PBXFileReference; lastKnownFileType = sourcecode.swift; path = Concert.swift; sourceTree = "<group>"; };
		813947D22322A12900102AD1 /* NetworkManager.swift */ = {isa = PBXFileReference; lastKnownFileType = sourcecode.swift; path = NetworkManager.swift; sourceTree = "<group>"; };
		813947D42322A15200102AD1 /* AppError.swift */ = {isa = PBXFileReference; lastKnownFileType = sourcecode.swift; path = AppError.swift; sourceTree = "<group>"; };
		813947D62322A1A200102AD1 /* ConcertAPIHelper.swift */ = {isa = PBXFileReference; lastKnownFileType = sourcecode.swift; path = ConcertAPIHelper.swift; sourceTree = "<group>"; };
/* End PBXFileReference section */

/* Begin PBXFrameworksBuildPhase section */
		813947AA23229FEB00102AD1 /* Frameworks */ = {
			isa = PBXFrameworksBuildPhase;
			buildActionMask = 2147483647;
			files = (
			);
			runOnlyForDeploymentPostprocessing = 0;
		};
		813947BE23229FEF00102AD1 /* Frameworks */ = {
			isa = PBXFrameworksBuildPhase;
			buildActionMask = 2147483647;
			files = (
			);
			runOnlyForDeploymentPostprocessing = 0;
		};
/* End PBXFrameworksBuildPhase section */

/* Begin PBXGroup section */
		813947A423229FEA00102AD1 = {
			isa = PBXGroup;
			children = (
				813947AF23229FEB00102AD1 /* ConcertDates */,
				813947C423229FEF00102AD1 /* ConcertDatesTests */,
				813947AE23229FEB00102AD1 /* Products */,
			);
			sourceTree = "<group>";
		};
		813947AE23229FEB00102AD1 /* Products */ = {
			isa = PBXGroup;
			children = (
				813947AD23229FEB00102AD1 /* ConcertDates.app */,
				813947C123229FEF00102AD1 /* ConcertDatesTests.xctest */,
			);
			name = Products;
			sourceTree = "<group>";
		};
		813947AF23229FEB00102AD1 /* ConcertDates */ = {
			isa = PBXGroup;
			children = (
				813947B023229FEB00102AD1 /* AppDelegate.swift */,
				813947B223229FEB00102AD1 /* ViewController.swift */,
				813947B423229FEB00102AD1 /* Main.storyboard */,
				813947B723229FEF00102AD1 /* Assets.xcassets */,
				813947B923229FEF00102AD1 /* LaunchScreen.storyboard */,
				813947BC23229FEF00102AD1 /* Info.plist */,
				813947D02322A02200102AD1 /* Concert.swift */,
				813947D22322A12900102AD1 /* NetworkManager.swift */,
				813947D42322A15200102AD1 /* AppError.swift */,
				813947D62322A1A200102AD1 /* ConcertAPIHelper.swift */,
			);
			path = ConcertDates;
			sourceTree = "<group>";
		};
		813947C423229FEF00102AD1 /* ConcertDatesTests */ = {
			isa = PBXGroup;
			children = (
				813947C523229FEF00102AD1 /* ConcertDatesTests.swift */,
				813947C723229FEF00102AD1 /* Info.plist */,
			);
			path = ConcertDatesTests;
			sourceTree = "<group>";
		};
/* End PBXGroup section */

/* Begin PBXNativeTarget section */
		813947AC23229FEB00102AD1 /* ConcertDates */ = {
			isa = PBXNativeTarget;
			buildConfigurationList = 813947CA23229FEF00102AD1 /* Build configuration list for PBXNativeTarget "ConcertDates" */;
			buildPhases = (
				813947A923229FEB00102AD1 /* Sources */,
				813947AA23229FEB00102AD1 /* Frameworks */,
				813947AB23229FEB00102AD1 /* Resources */,
			);
			buildRules = (
			);
			dependencies = (
			);
			name = ConcertDates;
			productName = ConcertDates;
			productReference = 813947AD23229FEB00102AD1 /* ConcertDates.app */;
			productType = "com.apple.product-type.application";
		};
		813947C023229FEF00102AD1 /* ConcertDatesTests */ = {
			isa = PBXNativeTarget;
			buildConfigurationList = 813947CD23229FEF00102AD1 /* Build configuration list for PBXNativeTarget "ConcertDatesTests" */;
			buildPhases = (
				813947BD23229FEF00102AD1 /* Sources */,
				813947BE23229FEF00102AD1 /* Frameworks */,
				813947BF23229FEF00102AD1 /* Resources */,
			);
			buildRules = (
			);
			dependencies = (
				813947C323229FEF00102AD1 /* PBXTargetDependency */,
			);
			name = ConcertDatesTests;
			productName = ConcertDatesTests;
			productReference = 813947C123229FEF00102AD1 /* ConcertDatesTests.xctest */;
			productType = "com.apple.product-type.bundle.unit-test";
		};
/* End PBXNativeTarget section */

/* Begin PBXProject section */
		813947A523229FEB00102AD1 /* Project object */ = {
			isa = PBXProject;
			attributes = {
				LastSwiftUpdateCheck = 1030;
				LastUpgradeCheck = 1030;
				ORGANIZATIONNAME = "Iram Fattah";
				TargetAttributes = {
					813947AC23229FEB00102AD1 = {
						CreatedOnToolsVersion = 10.3;
					};
					813947C023229FEF00102AD1 = {
						CreatedOnToolsVersion = 10.3;
						TestTargetID = 813947AC23229FEB00102AD1;
					};
				};
			};
			buildConfigurationList = 813947A823229FEB00102AD1 /* Build configuration list for PBXProject "ConcertDates" */;
			compatibilityVersion = "Xcode 9.3";
			developmentRegion = en;
			hasScannedForEncodings = 0;
			knownRegions = (
				en,
				Base,
			);
			mainGroup = 813947A423229FEA00102AD1;
			productRefGroup = 813947AE23229FEB00102AD1 /* Products */;
			projectDirPath = "";
			projectRoot = "";
			targets = (
				813947AC23229FEB00102AD1 /* ConcertDates */,
				813947C023229FEF00102AD1 /* ConcertDatesTests */,
			);
		};
/* End PBXProject section */

/* Begin PBXResourcesBuildPhase section */
		813947AB23229FEB00102AD1 /* Resources */ = {
			isa = PBXResourcesBuildPhase;
			buildActionMask = 2147483647;
			files = (
				813947BB23229FEF00102AD1 /* LaunchScreen.storyboard in Resources */,
				813947B823229FEF00102AD1 /* Assets.xcassets in Resources */,
				813947B623229FEB00102AD1 /* Main.storyboard in Resources */,
			);
			runOnlyForDeploymentPostprocessing = 0;
		};
		813947BF23229FEF00102AD1 /* Resources */ = {
			isa = PBXResourcesBuildPhase;
			buildActionMask = 2147483647;
			files = (
			);
			runOnlyForDeploymentPostprocessing = 0;
		};
/* End PBXResourcesBuildPhase section */

/* Begin PBXSourcesBuildPhase section */
		813947A923229FEB00102AD1 /* Sources */ = {
			isa = PBXSourcesBuildPhase;
			buildActionMask = 2147483647;
			files = (
				813947D32322A12900102AD1 /* NetworkManager.swift in Sources */,
				813947B323229FEB00102AD1 /* ViewController.swift in Sources */,
				813947D52322A15200102AD1 /* AppError.swift in Sources */,
				813947D72322A1A200102AD1 /* ConcertAPIHelper.swift in Sources */,
				813947D12322A02200102AD1 /* Concert.swift in Sources */,
				813947B123229FEB00102AD1 /* AppDelegate.swift in Sources */,
			);
			runOnlyForDeploymentPostprocessing = 0;
		};
		813947BD23229FEF00102AD1 /* Sources */ = {
			isa = PBXSourcesBuildPhase;
			buildActionMask = 2147483647;
			files = (
				813947C623229FEF00102AD1 /* ConcertDatesTests.swift in Sources */,
			);
			runOnlyForDeploymentPostprocessing = 0;
		};
/* End PBXSourcesBuildPhase section */

/* Begin PBXTargetDependency section */
		813947C323229FEF00102AD1 /* PBXTargetDependency */ = {
			isa = PBXTargetDependency;
			target = 813947AC23229FEB00102AD1 /* ConcertDates */;
			targetProxy = 813947C223229FEF00102AD1 /* PBXContainerItemProxy */;
		};
/* End PBXTargetDependency section */

/* Begin PBXVariantGroup section */
		813947B423229FEB00102AD1 /* Main.storyboard */ = {
			isa = PBXVariantGroup;
			children = (
				813947B523229FEB00102AD1 /* Base */,
			);
			name = Main.storyboard;
			sourceTree = "<group>";
		};
		813947B923229FEF00102AD1 /* LaunchScreen.storyboard */ = {
			isa = PBXVariantGroup;
			children = (
				813947BA23229FEF00102AD1 /* Base */,
			);
			name = LaunchScreen.storyboard;
			sourceTree = "<group>";
		};
/* End PBXVariantGroup section */

/* Begin XCBuildConfiguration section */
		813947C823229FEF00102AD1 /* Debug */ = {
			isa = XCBuildConfiguration;
			buildSettings = {
				ALWAYS_SEARCH_USER_PATHS = NO;
				CLANG_ANALYZER_NONNULL = YES;
				CLANG_ANALYZER_NUMBER_OBJECT_CONVERSION = YES_AGGRESSIVE;
				CLANG_CXX_LANGUAGE_STANDARD = "gnu++14";
				CLANG_CXX_LIBRARY = "libc++";
				CLANG_ENABLE_MODULES = YES;
				CLANG_ENABLE_OBJC_ARC = YES;
				CLANG_ENABLE_OBJC_WEAK = YES;
				CLANG_WARN_BLOCK_CAPTURE_AUTORELEASING = YES;
				CLANG_WARN_BOOL_CONVERSION = YES;
				CLANG_WARN_COMMA = YES;
				CLANG_WARN_CONSTANT_CONVERSION = YES;
				CLANG_WARN_DEPRECATED_OBJC_IMPLEMENTATIONS = YES;
				CLANG_WARN_DIRECT_OBJC_ISA_USAGE = YES_ERROR;
				CLANG_WARN_DOCUMENTATION_COMMENTS = YES;
				CLANG_WARN_EMPTY_BODY = YES;
				CLANG_WARN_ENUM_CONVERSION = YES;
				CLANG_WARN_INFINITE_RECURSION = YES;
				CLANG_WARN_INT_CONVERSION = YES;
				CLANG_WARN_NON_LITERAL_NULL_CONVERSION = YES;
				CLANG_WARN_OBJC_IMPLICIT_RETAIN_SELF = YES;
				CLANG_WARN_OBJC_LITERAL_CONVERSION = YES;
				CLANG_WARN_OBJC_ROOT_CLASS = YES_ERROR;
				CLANG_WARN_RANGE_LOOP_ANALYSIS = YES;
				CLANG_WARN_STRICT_PROTOTYPES = YES;
				CLANG_WARN_SUSPICIOUS_MOVE = YES;
				CLANG_WARN_UNGUARDED_AVAILABILITY = YES_AGGRESSIVE;
				CLANG_WARN_UNREACHABLE_CODE = YES;
				CLANG_WARN__DUPLICATE_METHOD_MATCH = YES;
				CODE_SIGN_IDENTITY = "iPhone Developer";
				COPY_PHASE_STRIP = NO;
				DEBUG_INFORMATION_FORMAT = dwarf;
				ENABLE_STRICT_OBJC_MSGSEND = YES;
				ENABLE_TESTABILITY = YES;
				GCC_C_LANGUAGE_STANDARD = gnu11;
				GCC_DYNAMIC_NO_PIC = NO;
				GCC_NO_COMMON_BLOCKS = YES;
				GCC_OPTIMIZATION_LEVEL = 0;
				GCC_PREPROCESSOR_DEFINITIONS = (
					"DEBUG=1",
					"$(inherited)",
				);
				GCC_WARN_64_TO_32_BIT_CONVERSION = YES;
				GCC_WARN_ABOUT_RETURN_TYPE = YES_ERROR;
				GCC_WARN_UNDECLARED_SELECTOR = YES;
				GCC_WARN_UNINITIALIZED_AUTOS = YES_AGGRESSIVE;
				GCC_WARN_UNUSED_FUNCTION = YES;
				GCC_WARN_UNUSED_VARIABLE = YES;
				IPHONEOS_DEPLOYMENT_TARGET = 12.4;
				MTL_ENABLE_DEBUG_INFO = INCLUDE_SOURCE;
				MTL_FAST_MATH = YES;
				ONLY_ACTIVE_ARCH = YES;
				SDKROOT = iphoneos;
				SWIFT_ACTIVE_COMPILATION_CONDITIONS = DEBUG;
				SWIFT_OPTIMIZATION_LEVEL = "-Onone";
			};
			name = Debug;
		};
		813947C923229FEF00102AD1 /* Release */ = {
			isa = XCBuildConfiguration;
			buildSettings = {
				ALWAYS_SEARCH_USER_PATHS = NO;
				CLANG_ANALYZER_NONNULL = YES;
				CLANG_ANALYZER_NUMBER_OBJECT_CONVERSION = YES_AGGRESSIVE;
				CLANG_CXX_LANGUAGE_STANDARD = "gnu++14";
				CLANG_CXX_LIBRARY = "libc++";
				CLANG_ENABLE_MODULES = YES;
				CLANG_ENABLE_OBJC_ARC = YES;
				CLANG_ENABLE_OBJC_WEAK = YES;
				CLANG_WARN_BLOCK_CAPTURE_AUTORELEASING = YES;
				CLANG_WARN_BOOL_CONVERSION = YES;
				CLANG_WARN_COMMA = YES;
				CLANG_WARN_CONSTANT_CONVERSION = YES;
				CLANG_WARN_DEPRECATED_OBJC_IMPLEMENTATIONS = YES;
				CLANG_WARN_DIRECT_OBJC_ISA_USAGE = YES_ERROR;
				CLANG_WARN_DOCUMENTATION_COMMENTS = YES;
				CLANG_WARN_EMPTY_BODY = YES;
				CLANG_WARN_ENUM_CONVERSION = YES;
				CLANG_WARN_INFINITE_RECURSION = YES;
				CLANG_WARN_INT_CONVERSION = YES;
				CLANG_WARN_NON_LITERAL_NULL_CONVERSION = YES;
				CLANG_WARN_OBJC_IMPLICIT_RETAIN_SELF = YES;
				CLANG_WARN_OBJC_LITERAL_CONVERSION = YES;
				CLANG_WARN_OBJC_ROOT_CLASS = YES_ERROR;
				CLANG_WARN_RANGE_LOOP_ANALYSIS = YES;
				CLANG_WARN_STRICT_PROTOTYPES = YES;
				CLANG_WARN_SUSPICIOUS_MOVE = YES;
				CLANG_WARN_UNGUARDED_AVAILABILITY = YES_AGGRESSIVE;
				CLANG_WARN_UNREACHABLE_CODE = YES;
				CLANG_WARN__DUPLICATE_METHOD_MATCH = YES;
				CODE_SIGN_IDENTITY = "iPhone Developer";
				COPY_PHASE_STRIP = NO;
				DEBUG_INFORMATION_FORMAT = "dwarf-with-dsym";
				ENABLE_NS_ASSERTIONS = NO;
				ENABLE_STRICT_OBJC_MSGSEND = YES;
				GCC_C_LANGUAGE_STANDARD = gnu11;
				GCC_NO_COMMON_BLOCKS = YES;
				GCC_WARN_64_TO_32_BIT_CONVERSION = YES;
				GCC_WARN_ABOUT_RETURN_TYPE = YES_ERROR;
				GCC_WARN_UNDECLARED_SELECTOR = YES;
				GCC_WARN_UNINITIALIZED_AUTOS = YES_AGGRESSIVE;
				GCC_WARN_UNUSED_FUNCTION = YES;
				GCC_WARN_UNUSED_VARIABLE = YES;
				IPHONEOS_DEPLOYMENT_TARGET = 12.4;
				MTL_ENABLE_DEBUG_INFO = NO;
				MTL_FAST_MATH = YES;
				SDKROOT = iphoneos;
				SWIFT_COMPILATION_MODE = wholemodule;
				SWIFT_OPTIMIZATION_LEVEL = "-O";
				VALIDATE_PRODUCT = YES;
			};
			name = Release;
		};
		813947CB23229FEF00102AD1 /* Debug */ = {
			isa = XCBuildConfiguration;
			buildSettings = {
				ASSETCATALOG_COMPILER_APPICON_NAME = AppIcon;
				CODE_SIGN_STYLE = Automatic;
				DEVELOPMENT_TEAM = V9HW99M5PX;
				INFOPLIST_FILE = ConcertDates/Info.plist;
				LD_RUNPATH_SEARCH_PATHS = (
					"$(inherited)",
					"@executable_path/Frameworks",
				);
				PRODUCT_BUNDLE_IDENTIFIER = Iram.ConcertDates;
				PRODUCT_NAME = "$(TARGET_NAME)";
				SWIFT_VERSION = 5.0;
				TARGETED_DEVICE_FAMILY = "1,2";
			};
			name = Debug;
		};
		813947CC23229FEF00102AD1 /* Release */ = {
			isa = XCBuildConfiguration;
			buildSettings = {
				ASSETCATALOG_COMPILER_APPICON_NAME = AppIcon;
				CODE_SIGN_STYLE = Automatic;
				DEVELOPMENT_TEAM = V9HW99M5PX;
				INFOPLIST_FILE = ConcertDates/Info.plist;
				LD_RUNPATH_SEARCH_PATHS = (
					"$(inherited)",
					"@executable_path/Frameworks",
				);
				PRODUCT_BUNDLE_IDENTIFIER = Iram.ConcertDates;
				PRODUCT_NAME = "$(TARGET_NAME)";
				SWIFT_VERSION = 5.0;
				TARGETED_DEVICE_FAMILY = "1,2";
			};
			name = Release;
		};
		813947CE23229FEF00102AD1 /* Debug */ = {
			isa = XCBuildConfiguration;
			buildSettings = {
				ALWAYS_EMBED_SWIFT_STANDARD_LIBRARIES = YES;
				BUNDLE_LOADER = "$(TEST_HOST)";
				CODE_SIGN_STYLE = Automatic;
				DEVELOPMENT_TEAM = V9HW99M5PX;
				INFOPLIST_FILE = ConcertDatesTests/Info.plist;
				LD_RUNPATH_SEARCH_PATHS = (
					"$(inherited)",
					"@executable_path/Frameworks",
					"@loader_path/Frameworks",
				);
				PRODUCT_BUNDLE_IDENTIFIER = Iram.ConcertDatesTests;
				PRODUCT_NAME = "$(TARGET_NAME)";
				SWIFT_VERSION = 5.0;
				TARGETED_DEVICE_FAMILY = "1,2";
				TEST_HOST = "$(BUILT_PRODUCTS_DIR)/ConcertDates.app/ConcertDates";
			};
			name = Debug;
		};
		813947CF23229FEF00102AD1 /* Release */ = {
			isa = XCBuildConfiguration;
			buildSettings = {
				ALWAYS_EMBED_SWIFT_STANDARD_LIBRARIES = YES;
				BUNDLE_LOADER = "$(TEST_HOST)";
				CODE_SIGN_STYLE = Automatic;
				DEVELOPMENT_TEAM = V9HW99M5PX;
				INFOPLIST_FILE = ConcertDatesTests/Info.plist;
				LD_RUNPATH_SEARCH_PATHS = (
					"$(inherited)",
					"@executable_path/Frameworks",
					"@loader_path/Frameworks",
				);
				PRODUCT_BUNDLE_IDENTIFIER = Iram.ConcertDatesTests;
				PRODUCT_NAME = "$(TARGET_NAME)";
				SWIFT_VERSION = 5.0;
				TARGETED_DEVICE_FAMILY = "1,2";
				TEST_HOST = "$(BUILT_PRODUCTS_DIR)/ConcertDates.app/ConcertDates";
			};
			name = Release;
		};
/* End XCBuildConfiguration section */

/* Begin XCConfigurationList section */
		813947A823229FEB00102AD1 /* Build configuration list for PBXProject "ConcertDates" */ = {
			isa = XCConfigurationList;
			buildConfigurations = (
				813947C823229FEF00102AD1 /* Debug */,
				813947C923229FEF00102AD1 /* Release */,
			);
			defaultConfigurationIsVisible = 0;
			defaultConfigurationName = Release;
		};
		813947CA23229FEF00102AD1 /* Build configuration list for PBXNativeTarget "ConcertDates" */ = {
			isa = XCConfigurationList;
			buildConfigurations = (
				813947CB23229FEF00102AD1 /* Debug */,
				813947CC23229FEF00102AD1 /* Release */,
			);
			defaultConfigurationIsVisible = 0;
			defaultConfigurationName = Release;
		};
		813947CD23229FEF00102AD1 /* Build configuration list for PBXNativeTarget "ConcertDatesTests" */ = {
			isa = XCConfigurationList;
			buildConfigurations = (
				813947CE23229FEF00102AD1 /* Debug */,
				813947CF23229FEF00102AD1 /* Release */,
			);
			defaultConfigurationIsVisible = 0;
			defaultConfigurationName = Release;
		};
/* End XCConfigurationList section */
	};
	rootObject = 813947A523229FEB00102AD1 /* Project object */;
}
